
Microsoft Visual Studio Solution File, Format Version 12.00
# Visual Studio 15
VisualStudioVersion = 15.0.28307.779
MinimumVisualStudioVersion = 10.0.40219.1
Project("{159641D6-6404-4A2A-AE62-294DE0FE8301}") = "EvoTrialJob_ETL", "EvoTrialJob_ETL.dtproj", "{E0A7A990-C639-4548-9108-388A4A13D88C}"
EndProject
Global
	GlobalSection(SolutionConfigurationPlatforms) = preSolution
		Development|Default = Development|Default
	EndGlobalSection
	GlobalSection(ProjectConfigurationPlatforms) = postSolution
		{E0A7A990-C639-4548-9108-388A4A13D88C}.Development|Default.ActiveCfg = Development
		{E0A7A990-C639-4548-9108-388A4A13D88C}.Development|Default.Build.0 = Development
	EndGlobalSection
	GlobalSection(SolutionProperties) = preSolution
		HideSolutionNode = FALSE
	EndGlobalSection
	GlobalSection(ExtensibilityGlobals) = postSolution
		SolutionGuid = {72BE25AC-007D-45B8-ABF4-2BC6C5EAED2E}
	EndGlobalSection
EndGlobal
