
Microsoft Visual Studio Solution File, Format Version 12.00
# Visual Studio 15
VisualStudioVersion = 15.0.28307.705
MinimumVisualStudioVersion = 10.0.40219.1
Project("{159641D6-6404-4A2A-AE62-294DE0FE8301}") = "Cyrkl_ETL", "Cyrkl_ETL.dtproj", "{E5143BC1-3960-47DD-B5BB-A580C940C643}"
EndProject
Global
	GlobalSection(SolutionConfigurationPlatforms) = preSolution
		Development|Default = Development|Default
	EndGlobalSection
	GlobalSection(ProjectConfigurationPlatforms) = postSolution
		{E5143BC1-3960-47DD-B5BB-A580C940C643}.Development|Default.ActiveCfg = Development
		{E5143BC1-3960-47DD-B5BB-A580C940C643}.Development|Default.Build.0 = Development
	EndGlobalSection
	GlobalSection(SolutionProperties) = preSolution
		HideSolutionNode = FALSE
	EndGlobalSection
	GlobalSection(ExtensibilityGlobals) = postSolution
		SolutionGuid = {EA3078C0-66A4-48D9-89F3-A5C63434A603}
	EndGlobalSection
EndGlobal
